
Microsoft Visual Studio Solution File, Format Version 12.00
# Visual Studio 15
VisualStudioVersion = 15.0.27703.2035
MinimumVisualStudioVersion = 10.0.40219.1
Project("{FAE04EC0-301F-11D3-BF4B-00C04F79EFBC}") = "WorkingDemoJL.Android", "WorkingDemoJL\WorkingDemoJL.Android\WorkingDemoJL.Android.csproj", "{7E55676F-D989-4244-8D84-F16AC7AEA5CE}"
EndProject
Project("{FAE04EC0-301F-11D3-BF4B-00C04F79EFBC}") = "WorkingDemoJL.iOS", "WorkingDemoJL\WorkingDemoJL.iOS\WorkingDemoJL.iOS.csproj", "{75ECAFB9-3FF0-4AA4-B522-BF78254797B6}"
EndProject
Project("{FAE04EC0-301F-11D3-BF4B-00C04F79EFBC}") = "WorkingDemoJL", "WorkingDemoJL\WorkingDemoJL\WorkingDemoJL.csproj", "{3397B199-B344-4AAA-93EF-833F10DBCB26}"
EndProject
Global
	GlobalSection(SolutionConfigurationPlatforms) = preSolution
		Ad-Hoc|Any CPU = Ad-Hoc|Any CPU
		Ad-Hoc|iPhone = Ad-Hoc|iPhone
		Ad-Hoc|iPhoneSimulator = Ad-Hoc|iPhoneSimulator
		AppStore|Any CPU = AppStore|Any CPU
		AppStore|iPhone = AppStore|iPhone
		AppStore|iPhoneSimulator = AppStore|iPhoneSimulator
		Debug|Any CPU = Debug|Any CPU
		Debug|iPhone = Debug|iPhone
		Debug|iPhoneSimulator = Debug|iPhoneSimulator
		Release|Any CPU = Release|Any CPU
		Release|iPhone = Release|iPhone
		Release|iPhoneSimulator = Release|iPhoneSimulator
	EndGlobalSection
	GlobalSection(ProjectConfigurationPlatforms) = postSolution
		{7E55676F-D989-4244-8D84-F16AC7AEA5CE}.Ad-Hoc|Any CPU.ActiveCfg = Release|Any CPU
		{7E55676F-D989-4244-8D84-F16AC7AEA5CE}.Ad-Hoc|Any CPU.Build.0 = Release|Any CPU
		{7E55676F-D989-4244-8D84-F16AC7AEA5CE}.Ad-Hoc|Any CPU.Deploy.0 = Release|Any CPU
		{7E55676F-D989-4244-8D84-F16AC7AEA5CE}.Ad-Hoc|iPhone.ActiveCfg = Release|Any CPU
		{7E55676F-D989-4244-8D84-F16AC7AEA5CE}.Ad-Hoc|iPhone.Build.0 = Release|Any CPU
		{7E55676F-D989-4244-8D84-F16AC7AEA5CE}.Ad-Hoc|iPhone.Deploy.0 = Release|Any CPU
		{7E55676F-D989-4244-8D84-F16AC7AEA5CE}.Ad-Hoc|iPhoneSimulator.ActiveCfg = Release|Any CPU
		{7E55676F-D989-4244-8D84-F16AC7AEA5CE}.Ad-Hoc|iPhoneSimulator.Build.0 = Release|Any CPU
		{7E55676F-D989-4244-8D84-F16AC7AEA5CE}.Ad-Hoc|iPhoneSimulator.Deploy.0 = Release|Any CPU
		{7E55676F-D989-4244-8D84-F16AC7AEA5CE}.AppStore|Any CPU.ActiveCfg = Release|Any CPU
		{7E55676F-D989-4244-8D84-F16AC7AEA5CE}.AppStore|Any CPU.Build.0 = Release|Any CPU
		{7E55676F-D989-4244-8D84-F16AC7AEA5CE}.AppStore|Any CPU.Deploy.0 = Release|Any CPU
		{7E55676F-D989-4244-8D84-F16AC7AEA5CE}.AppStore|iPhone.ActiveCfg = Release|Any CPU
		{7E55676F-D989-4244-8D84-F16AC7AEA5CE}.AppStore|iPhone.Build.0 = Release|Any CPU
		{7E55676F-D989-4244-8D84-F16AC7AEA5CE}.AppStore|iPhone.Deploy.0 = Release|Any CPU
		{7E55676F-D989-4244-8D84-F16AC7AEA5CE}.AppStore|iPhoneSimulator.ActiveCfg = Release|Any CPU
		{7E55676F-D989-4244-8D84-F16AC7AEA5CE}.AppStore|iPhoneSimulator.Build.0 = Release|Any CPU
		{7E55676F-D989-4244-8D84-F16AC7AEA5CE}.AppStore|iPhoneSimulator.Deploy.0 = Release|Any CPU
		{7E55676F-D989-4244-8D84-F16AC7AEA5CE}.Debug|Any CPU.ActiveCfg = Debug|Any CPU
		{7E55676F-D989-4244-8D84-F16AC7AEA5CE}.Debug|Any CPU.Build.0 = Debug|Any CPU
		{7E55676F-D989-4244-8D84-F16AC7AEA5CE}.Debug|Any CPU.Deploy.0 = Debug|Any CPU
		{7E55676F-D989-4244-8D84-F16AC7AEA5CE}.Debug|iPhone.ActiveCfg = Debug|Any CPU
		{7E55676F-D989-4244-8D84-F16AC7AEA5CE}.Debug|iPhone.Build.0 = Debug|Any CPU
		{7E55676F-D989-4244-8D84-F16AC7AEA5CE}.Debug|iPhone.Deploy.0 = Debug|Any CPU
		{7E55676F-D989-4244-8D84-F16AC7AEA5CE}.Debug|iPhoneSimulator.ActiveCfg = Debug|Any CPU
		{7E55676F-D989-4244-8D84-F16AC7AEA5CE}.Debug|iPhoneSimulator.Build.0 = Debug|Any CPU
		{7E55676F-D989-4244-8D84-F16AC7AEA5CE}.Debug|iPhoneSimulator.Deploy.0 = Debug|Any CPU
		{7E55676F-D989-4244-8D84-F16AC7AEA5CE}.Release|Any CPU.ActiveCfg = Release|Any CPU
		{7E55676F-D989-4244-8D84-F16AC7AEA5CE}.Release|Any CPU.Build.0 = Release|Any CPU
		{7E55676F-D989-4244-8D84-F16AC7AEA5CE}.Release|Any CPU.Deploy.0 = Release|Any CPU
		{7E55676F-D989-4244-8D84-F16AC7AEA5CE}.Release|iPhone.ActiveCfg = Release|Any CPU
		{7E55676F-D989-4244-8D84-F16AC7AEA5CE}.Release|iPhone.Build.0 = Release|Any CPU
		{7E55676F-D989-4244-8D84-F16AC7AEA5CE}.Release|iPhone.Deploy.0 = Release|Any CPU
		{7E55676F-D989-4244-8D84-F16AC7AEA5CE}.Release|iPhoneSimulator.ActiveCfg = Release|Any CPU
		{7E55676F-D989-4244-8D84-F16AC7AEA5CE}.Release|iPhoneSimulator.Build.0 = Release|Any CPU
		{7E55676F-D989-4244-8D84-F16AC7AEA5CE}.Release|iPhoneSimulator.Deploy.0 = Release|Any CPU
		{75ECAFB9-3FF0-4AA4-B522-BF78254797B6}.Ad-Hoc|Any CPU.ActiveCfg = Ad-Hoc|iPhone
		{75ECAFB9-3FF0-4AA4-B522-BF78254797B6}.Ad-Hoc|Any CPU.Build.0 = Ad-Hoc|iPhone
		{75ECAFB9-3FF0-4AA4-B522-BF78254797B6}.Ad-Hoc|Any CPU.Deploy.0 = Ad-Hoc|iPhone
		{75ECAFB9-3FF0-4AA4-B522-BF78254797B6}.Ad-Hoc|iPhone.ActiveCfg = Ad-Hoc|iPhone
		{75ECAFB9-3FF0-4AA4-B522-BF78254797B6}.Ad-Hoc|iPhone.Build.0 = Ad-Hoc|iPhone
		{75ECAFB9-3FF0-4AA4-B522-BF78254797B6}.Ad-Hoc|iPhone.Deploy.0 = Ad-Hoc|iPhone
		{75ECAFB9-3FF0-4AA4-B522-BF78254797B6}.Ad-Hoc|iPhoneSimulator.ActiveCfg = Ad-Hoc|iPhoneSimulator
		{75ECAFB9-3FF0-4AA4-B522-BF78254797B6}.Ad-Hoc|iPhoneSimulator.Build.0 = Ad-Hoc|iPhoneSimulator
		{75ECAFB9-3FF0-4AA4-B522-BF78254797B6}.Ad-Hoc|iPhoneSimulator.Deploy.0 = Ad-Hoc|iPhoneSimulator
		{75ECAFB9-3FF0-4AA4-B522-BF78254797B6}.AppStore|Any CPU.ActiveCfg = AppStore|iPhone
		{75ECAFB9-3FF0-4AA4-B522-BF78254797B6}.AppStore|Any CPU.Build.0 = AppStore|iPhone
		{75ECAFB9-3FF0-4AA4-B522-BF78254797B6}.AppStore|Any CPU.Deploy.0 = AppStore|iPhone
		{75ECAFB9-3FF0-4AA4-B522-BF78254797B6}.AppStore|iPhone.ActiveCfg = AppStore|iPhone
		{75ECAFB9-3FF0-4AA4-B522-BF78254797B6}.AppStore|iPhone.Build.0 = AppStore|iPhone
		{75ECAFB9-3FF0-4AA4-B522-BF78254797B6}.AppStore|iPhone.Deploy.0 = AppStore|iPhone
		{75ECAFB9-3FF0-4AA4-B522-BF78254797B6}.AppStore|iPhoneSimulator.ActiveCfg = AppStore|iPhoneSimulator
		{75ECAFB9-3FF0-4AA4-B522-BF78254797B6}.AppStore|iPhoneSimulator.Build.0 = AppStore|iPhoneSimulator
		{75ECAFB9-3FF0-4AA4-B522-BF78254797B6}.AppStore|iPhoneSimulator.Deploy.0 = AppStore|iPhoneSimulator
		{75ECAFB9-3FF0-4AA4-B522-BF78254797B6}.Debug|Any CPU.ActiveCfg = Debug|iPhoneSimulator
		{75ECAFB9-3FF0-4AA4-B522-BF78254797B6}.Debug|Any CPU.Build.0 = Debug|iPhoneSimulator
		{75ECAFB9-3FF0-4AA4-B522-BF78254797B6}.Debug|Any CPU.Deploy.0 = Debug|iPhoneSimulator
		{75ECAFB9-3FF0-4AA4-B522-BF78254797B6}.Debug|iPhone.ActiveCfg = Debug|iPhone
		{75ECAFB9-3FF0-4AA4-B522-BF78254797B6}.Debug|iPhone.Build.0 = Debug|iPhone
		{75ECAFB9-3FF0-4AA4-B522-BF78254797B6}.Debug|iPhone.Deploy.0 = Debug|iPhone
		{75ECAFB9-3FF0-4AA4-B522-BF78254797B6}.Debug|iPhoneSimulator.ActiveCfg = Debug|iPhoneSimulator
		{75ECAFB9-3FF0-4AA4-B522-BF78254797B6}.Debug|iPhoneSimulator.Build.0 = Debug|iPhoneSimulator
		{75ECAFB9-3FF0-4AA4-B522-BF78254797B6}.Debug|iPhoneSimulator.Deploy.0 = Debug|iPhoneSimulator
		{75ECAFB9-3FF0-4AA4-B522-BF78254797B6}.Release|Any CPU.ActiveCfg = Release|iPhone
		{75ECAFB9-3FF0-4AA4-B522-BF78254797B6}.Release|Any CPU.Build.0 = Release|iPhone
		{75ECAFB9-3FF0-4AA4-B522-BF78254797B6}.Release|Any CPU.Deploy.0 = Release|iPhone
		{75ECAFB9-3FF0-4AA4-B522-BF78254797B6}.Release|iPhone.ActiveCfg = Release|iPhone
		{75ECAFB9-3FF0-4AA4-B522-BF78254797B6}.Release|iPhone.Build.0 = Release|iPhone
		{75ECAFB9-3FF0-4AA4-B522-BF78254797B6}.Release|iPhone.Deploy.0 = Release|iPhone
		{75ECAFB9-3FF0-4AA4-B522-BF78254797B6}.Release|iPhoneSimulator.ActiveCfg = Release|iPhoneSimulator
		{75ECAFB9-3FF0-4AA4-B522-BF78254797B6}.Release|iPhoneSimulator.Build.0 = Release|iPhoneSimulator
		{75ECAFB9-3FF0-4AA4-B522-BF78254797B6}.Release|iPhoneSimulator.Deploy.0 = Release|iPhoneSimulator
		{3397B199-B344-4AAA-93EF-833F10DBCB26}.Ad-Hoc|Any CPU.ActiveCfg = Debug|Any CPU
		{3397B199-B344-4AAA-93EF-833F10DBCB26}.Ad-Hoc|Any CPU.Build.0 = Debug|Any CPU
		{3397B199-B344-4AAA-93EF-833F10DBCB26}.Ad-Hoc|Any CPU.Deploy.0 = Debug|Any CPU
		{3397B199-B344-4AAA-93EF-833F10DBCB26}.Ad-Hoc|iPhone.ActiveCfg = Debug|Any CPU
		{3397B199-B344-4AAA-93EF-833F10DBCB26}.Ad-Hoc|iPhone.Build.0 = Debug|Any CPU
		{3397B199-B344-4AAA-93EF-833F10DBCB26}.Ad-Hoc|iPhone.Deploy.0 = Debug|Any CPU
		{3397B199-B344-4AAA-93EF-833F10DBCB26}.Ad-Hoc|iPhoneSimulator.ActiveCfg = Debug|Any CPU
		{3397B199-B344-4AAA-93EF-833F10DBCB26}.Ad-Hoc|iPhoneSimulator.Build.0 = Debug|Any CPU
		{3397B199-B344-4AAA-93EF-833F10DBCB26}.Ad-Hoc|iPhoneSimulator.Deploy.0 = Debug|Any CPU
		{3397B199-B344-4AAA-93EF-833F10DBCB26}.AppStore|Any CPU.ActiveCfg = Debug|Any CPU
		{3397B199-B344-4AAA-93EF-833F10DBCB26}.AppStore|Any CPU.Build.0 = Debug|Any CPU
		{3397B199-B344-4AAA-93EF-833F10DBCB26}.AppStore|Any CPU.Deploy.0 = Debug|Any CPU
		{3397B199-B344-4AAA-93EF-833F10DBCB26}.AppStore|iPhone.ActiveCfg = Debug|Any CPU
		{3397B199-B344-4AAA-93EF-833F10DBCB26}.AppStore|iPhone.Build.0 = Debug|Any CPU
		{3397B199-B344-4AAA-93EF-833F10DBCB26}.AppStore|iPhone.Deploy.0 = Debug|Any CPU
		{3397B199-B344-4AAA-93EF-833F10DBCB26}.AppStore|iPhoneSimulator.ActiveCfg = Debug|Any CPU
		{3397B199-B344-4AAA-93EF-833F10DBCB26}.AppStore|iPhoneSimulator.Build.0 = Debug|Any CPU
		{3397B199-B344-4AAA-93EF-833F10DBCB26}.AppStore|iPhoneSimulator.Deploy.0 = Debug|Any CPU
		{3397B199-B344-4AAA-93EF-833F10DBCB26}.Debug|Any CPU.ActiveCfg = Debug|Any CPU
		{3397B199-B344-4AAA-93EF-833F10DBCB26}.Debug|Any CPU.Build.0 = Debug|Any CPU
		{3397B199-B344-4AAA-93EF-833F10DBCB26}.Debug|Any CPU.Deploy.0 = Debug|Any CPU
		{3397B199-B344-4AAA-93EF-833F10DBCB26}.Debug|iPhone.ActiveCfg = Debug|Any CPU
		{3397B199-B344-4AAA-93EF-833F10DBCB26}.Debug|iPhone.Build.0 = Debug|Any CPU
		{3397B199-B344-4AAA-93EF-833F10DBCB26}.Debug|iPhone.Deploy.0 = Debug|Any CPU
		{3397B199-B344-4AAA-93EF-833F10DBCB26}.Debug|iPhoneSimulator.ActiveCfg = Debug|Any CPU
		{3397B199-B344-4AAA-93EF-833F10DBCB26}.Debug|iPhoneSimulator.Build.0 = Debug|Any CPU
		{3397B199-B344-4AAA-93EF-833F10DBCB26}.Debug|iPhoneSimulator.Deploy.0 = Debug|Any CPU
		{3397B199-B344-4AAA-93EF-833F10DBCB26}.Release|Any CPU.ActiveCfg = Release|Any CPU
		{3397B199-B344-4AAA-93EF-833F10DBCB26}.Release|Any CPU.Build.0 = Release|Any CPU
		{3397B199-B344-4AAA-93EF-833F10DBCB26}.Release|Any CPU.Deploy.0 = Release|Any CPU
		{3397B199-B344-4AAA-93EF-833F10DBCB26}.Release|iPhone.ActiveCfg = Release|Any CPU
		{3397B199-B344-4AAA-93EF-833F10DBCB26}.Release|iPhone.Build.0 = Release|Any CPU
		{3397B199-B344-4AAA-93EF-833F10DBCB26}.Release|iPhone.Deploy.0 = Release|Any CPU
		{3397B199-B344-4AAA-93EF-833F10DBCB26}.Release|iPhoneSimulator.ActiveCfg = Release|Any CPU
		{3397B199-B344-4AAA-93EF-833F10DBCB26}.Release|iPhoneSimulator.Build.0 = Release|Any CPU
		{3397B199-B344-4AAA-93EF-833F10DBCB26}.Release|iPhoneSimulator.Deploy.0 = Release|Any CPU
	EndGlobalSection
	GlobalSection(SolutionProperties) = preSolution
		HideSolutionNode = FALSE
	EndGlobalSection
	GlobalSection(ExtensibilityGlobals) = postSolution
		SolutionGuid = {1472F07C-A6D9-4AF1-B3F3-33CBCE1DA675}
	EndGlobalSection
EndGlobal
